
Microsoft Visual Studio Solution File, Format Version 12.00
# Visual Studio 15
VisualStudioVersion = 15.0.28307.572
MinimumVisualStudioVersion = 10.0.40219.1
Project("{9A19103F-16F7-4668-BE54-9A1E7A4F7556}") = "GamePlatform.DAL", "GamePlatform.DAL\GamePlatform.DAL.csproj", "{0FC78F13-A9C0-4BC8-9028-A8623AB9D259}"
EndProject
Project("{9A19103F-16F7-4668-BE54-9A1E7A4F7556}") = "GamePlatform.Entities", "GamePlatform.Entities\GamePlatform.Entities.csproj", "{82E80079-DB89-4998-B41E-B500DB53074A}"
EndProject
Project("{9A19103F-16F7-4668-BE54-9A1E7A4F7556}") = "GamePlatform.Personnel.Web.UI", "GamePlatform.Personnel.Web.UI\GamePlatform.Personnel.Web.UI.csproj", "{2083B399-F569-4EC2-9790-AEE8C5846448}"
EndProject
Project("{FAE04EC0-301F-11D3-BF4B-00C04F79EFBC}") = "GamePlatform.Client.Web.UI", "GamePlatform.Client.Web.UI\GamePlatform.Client.Web.UI.csproj", "{F7A81FD7-9222-45D5-9175-45DF7EC00AA2}"
EndProject
Project("{9A19103F-16F7-4668-BE54-9A1E7A4F7556}") = "GamePlatform.BLL", "GamePlatform.BLL\GamePlatform.BLL.csproj", "{52B0D212-7E59-453C-BF45-3C9E4DFD3875}"
EndProject
Project("{FAE04EC0-301F-11D3-BF4B-00C04F79EFBC}") = "GamePlatform.Web.Api", "GamePlatform.Web.Api\GamePlatform.Web.Api.csproj", "{E2EF7C37-8699-41B0-A3CA-ED9C5234FEEC}"
EndProject
Global
	GlobalSection(SolutionConfigurationPlatforms) = preSolution
		Debug|Any CPU = Debug|Any CPU
		Release|Any CPU = Release|Any CPU
	EndGlobalSection
	GlobalSection(ProjectConfigurationPlatforms) = postSolution
		{0FC78F13-A9C0-4BC8-9028-A8623AB9D259}.Debug|Any CPU.ActiveCfg = Debug|Any CPU
		{0FC78F13-A9C0-4BC8-9028-A8623AB9D259}.Debug|Any CPU.Build.0 = Debug|Any CPU
		{0FC78F13-A9C0-4BC8-9028-A8623AB9D259}.Release|Any CPU.ActiveCfg = Release|Any CPU
		{0FC78F13-A9C0-4BC8-9028-A8623AB9D259}.Release|Any CPU.Build.0 = Release|Any CPU
		{82E80079-DB89-4998-B41E-B500DB53074A}.Debug|Any CPU.ActiveCfg = Debug|Any CPU
		{82E80079-DB89-4998-B41E-B500DB53074A}.Debug|Any CPU.Build.0 = Debug|Any CPU
		{82E80079-DB89-4998-B41E-B500DB53074A}.Release|Any CPU.ActiveCfg = Release|Any CPU
		{82E80079-DB89-4998-B41E-B500DB53074A}.Release|Any CPU.Build.0 = Release|Any CPU
		{2083B399-F569-4EC2-9790-AEE8C5846448}.Debug|Any CPU.ActiveCfg = Debug|Any CPU
		{2083B399-F569-4EC2-9790-AEE8C5846448}.Debug|Any CPU.Build.0 = Debug|Any CPU
		{2083B399-F569-4EC2-9790-AEE8C5846448}.Release|Any CPU.ActiveCfg = Release|Any CPU
		{2083B399-F569-4EC2-9790-AEE8C5846448}.Release|Any CPU.Build.0 = Release|Any CPU
		{F7A81FD7-9222-45D5-9175-45DF7EC00AA2}.Debug|Any CPU.ActiveCfg = Debug|Any CPU
		{F7A81FD7-9222-45D5-9175-45DF7EC00AA2}.Debug|Any CPU.Build.0 = Debug|Any CPU
		{F7A81FD7-9222-45D5-9175-45DF7EC00AA2}.Release|Any CPU.ActiveCfg = Release|Any CPU
		{F7A81FD7-9222-45D5-9175-45DF7EC00AA2}.Release|Any CPU.Build.0 = Release|Any CPU
		{52B0D212-7E59-453C-BF45-3C9E4DFD3875}.Debug|Any CPU.ActiveCfg = Debug|Any CPU
		{52B0D212-7E59-453C-BF45-3C9E4DFD3875}.Debug|Any CPU.Build.0 = Debug|Any CPU
		{52B0D212-7E59-453C-BF45-3C9E4DFD3875}.Release|Any CPU.ActiveCfg = Release|Any CPU
		{52B0D212-7E59-453C-BF45-3C9E4DFD3875}.Release|Any CPU.Build.0 = Release|Any CPU
		{E2EF7C37-8699-41B0-A3CA-ED9C5234FEEC}.Debug|Any CPU.ActiveCfg = Debug|Any CPU
		{E2EF7C37-8699-41B0-A3CA-ED9C5234FEEC}.Debug|Any CPU.Build.0 = Debug|Any CPU
		{E2EF7C37-8699-41B0-A3CA-ED9C5234FEEC}.Release|Any CPU.ActiveCfg = Release|Any CPU
		{E2EF7C37-8699-41B0-A3CA-ED9C5234FEEC}.Release|Any CPU.Build.0 = Release|Any CPU
	EndGlobalSection
	GlobalSection(SolutionProperties) = preSolution
		HideSolutionNode = FALSE
	EndGlobalSection
	GlobalSection(ExtensibilityGlobals) = postSolution
		SolutionGuid = {D0181478-B9A1-40D5-BDEE-775B4965985E}
	EndGlobalSection
EndGlobal
