
Microsoft Visual Studio Solution File, Format Version 12.00
# Visual Studio 15
VisualStudioVersion = 15.0.28307.106
MinimumVisualStudioVersion = 10.0.40219.1
Project("{9A19103F-16F7-4668-BE54-9A1E7A4F7556}") = "ClientUI", "ClientUI\ClientUI.csproj", "{BB86C423-2002-4371-A3AE-3638C12BD5D4}"
EndProject
Project("{FAE04EC0-301F-11D3-BF4B-00C04F79EFBC}") = "PersonelUI", "PersonelUI\PersonelUI.csproj", "{8D013323-F2C1-4715-9A07-A25295D5285F}"
EndProject
Project("{FAE04EC0-301F-11D3-BF4B-00C04F79EFBC}") = "DAL", "DAL\DAL.csproj", "{37167719-2077-442C-959C-48F0AFE4D665}"
EndProject
Project("{FAE04EC0-301F-11D3-BF4B-00C04F79EFBC}") = "Entities", "Entities\Entities.csproj", "{2BAF43FC-BDDF-4BE1-87BF-AB17BBE2F993}"
EndProject
Project("{FAE04EC0-301F-11D3-BF4B-00C04F79EFBC}") = "API", "API\API.csproj", "{CBBA61D7-EA1D-4CC6-B184-061E4F323FC7}"
EndProject
Global
	GlobalSection(SolutionConfigurationPlatforms) = preSolution
		Debug|Any CPU = Debug|Any CPU
		Release|Any CPU = Release|Any CPU
	EndGlobalSection
	GlobalSection(ProjectConfigurationPlatforms) = postSolution
		{BB86C423-2002-4371-A3AE-3638C12BD5D4}.Debug|Any CPU.ActiveCfg = Debug|Any CPU
		{BB86C423-2002-4371-A3AE-3638C12BD5D4}.Debug|Any CPU.Build.0 = Debug|Any CPU
		{BB86C423-2002-4371-A3AE-3638C12BD5D4}.Release|Any CPU.ActiveCfg = Release|Any CPU
		{BB86C423-2002-4371-A3AE-3638C12BD5D4}.Release|Any CPU.Build.0 = Release|Any CPU
		{8D013323-F2C1-4715-9A07-A25295D5285F}.Debug|Any CPU.ActiveCfg = Debug|Any CPU
		{8D013323-F2C1-4715-9A07-A25295D5285F}.Debug|Any CPU.Build.0 = Debug|Any CPU
		{8D013323-F2C1-4715-9A07-A25295D5285F}.Release|Any CPU.ActiveCfg = Release|Any CPU
		{8D013323-F2C1-4715-9A07-A25295D5285F}.Release|Any CPU.Build.0 = Release|Any CPU
		{37167719-2077-442C-959C-48F0AFE4D665}.Debug|Any CPU.ActiveCfg = Debug|Any CPU
		{37167719-2077-442C-959C-48F0AFE4D665}.Debug|Any CPU.Build.0 = Debug|Any CPU
		{37167719-2077-442C-959C-48F0AFE4D665}.Release|Any CPU.ActiveCfg = Release|Any CPU
		{37167719-2077-442C-959C-48F0AFE4D665}.Release|Any CPU.Build.0 = Release|Any CPU
		{2BAF43FC-BDDF-4BE1-87BF-AB17BBE2F993}.Debug|Any CPU.ActiveCfg = Debug|Any CPU
		{2BAF43FC-BDDF-4BE1-87BF-AB17BBE2F993}.Debug|Any CPU.Build.0 = Debug|Any CPU
		{2BAF43FC-BDDF-4BE1-87BF-AB17BBE2F993}.Release|Any CPU.ActiveCfg = Release|Any CPU
		{2BAF43FC-BDDF-4BE1-87BF-AB17BBE2F993}.Release|Any CPU.Build.0 = Release|Any CPU
		{CBBA61D7-EA1D-4CC6-B184-061E4F323FC7}.Debug|Any CPU.ActiveCfg = Debug|Any CPU
		{CBBA61D7-EA1D-4CC6-B184-061E4F323FC7}.Debug|Any CPU.Build.0 = Debug|Any CPU
		{CBBA61D7-EA1D-4CC6-B184-061E4F323FC7}.Release|Any CPU.ActiveCfg = Release|Any CPU
		{CBBA61D7-EA1D-4CC6-B184-061E4F323FC7}.Release|Any CPU.Build.0 = Release|Any CPU
	EndGlobalSection
	GlobalSection(SolutionProperties) = preSolution
		HideSolutionNode = FALSE
	EndGlobalSection
	GlobalSection(ExtensibilityGlobals) = postSolution
		SolutionGuid = {43735409-C911-4387-9D09-2ECC52DCA3C9}
	EndGlobalSection
EndGlobal
